
Microsoft Visual Studio Solution File, Format Version 12.00
# Visual Studio Version 17
VisualStudioVersion = 17.8.34322.80
MinimumVisualStudioVersion = 10.0.40219.1
Project("{FAE04EC0-301F-11D3-BF4B-00C04F79EFBC}") = "ArticleManagementUseEvent", "ArticleManagementUseEvent.csproj", "{588D7CFE-2378-4AAB-B2F5-2BC80CC7D59C}"
EndProject
Global
	GlobalSection(SolutionConfigurationPlatforms) = preSolution
		Debug|Any CPU = Debug|Any CPU
		Release|Any CPU = Release|Any CPU
	EndGlobalSection
	GlobalSection(ProjectConfigurationPlatforms) = postSolution
		{588D7CFE-2378-4AAB-B2F5-2BC80CC7D59C}.Debug|Any CPU.ActiveCfg = Debug|Any CPU
		{588D7CFE-2378-4AAB-B2F5-2BC80CC7D59C}.Debug|Any CPU.Build.0 = Debug|Any CPU
		{588D7CFE-2378-4AAB-B2F5-2BC80CC7D59C}.Release|Any CPU.ActiveCfg = Release|Any CPU
		{588D7CFE-2378-4AAB-B2F5-2BC80CC7D59C}.Release|Any CPU.Build.0 = Release|Any CPU
	EndGlobalSection
	GlobalSection(SolutionProperties) = preSolution
		HideSolutionNode = FALSE
	EndGlobalSection
	GlobalSection(ExtensibilityGlobals) = postSolution
		SolutionGuid = {8C9ED9E6-5E2D-4840-AFB0-76BCCED51E83}
	EndGlobalSection
EndGlobal
